
Microsoft Visual Studio Solution File, Format Version 12.00
# Visual Studio Version 17
VisualStudioVersion = 17.0.31903.59
MinimumVisualStudioVersion = 10.0.40219.1
Project("{FAE04EC0-301F-11D3-BF4B-00C04F79EFBC}") = "API", "API\API.csproj", "{5FE76AFE-5F3D-4369-AC4B-1905FB1CF358}"
EndProject
Project("{FAE04EC0-301F-11D3-BF4B-00C04F79EFBC}") = "test", "test\test.csproj", "{35E88FCD-3EEB-4088-A514-ACFB4E4B1CD9}"
EndProject
Global
	GlobalSection(SolutionConfigurationPlatforms) = preSolution
		Debug|Any CPU = Debug|Any CPU
		Release|Any CPU = Release|Any CPU
	EndGlobalSection
	GlobalSection(SolutionProperties) = preSolution
		HideSolutionNode = FALSE
	EndGlobalSection
	GlobalSection(ProjectConfigurationPlatforms) = postSolution
		{5FE76AFE-5F3D-4369-AC4B-1905FB1CF358}.Debug|Any CPU.ActiveCfg = Debug|Any CPU
		{5FE76AFE-5F3D-4369-AC4B-1905FB1CF358}.Debug|Any CPU.Build.0 = Debug|Any CPU
		{5FE76AFE-5F3D-4369-AC4B-1905FB1CF358}.Release|Any CPU.ActiveCfg = Release|Any CPU
		{5FE76AFE-5F3D-4369-AC4B-1905FB1CF358}.Release|Any CPU.Build.0 = Release|Any CPU
		{35E88FCD-3EEB-4088-A514-ACFB4E4B1CD9}.Debug|Any CPU.ActiveCfg = Debug|Any CPU
		{35E88FCD-3EEB-4088-A514-ACFB4E4B1CD9}.Debug|Any CPU.Build.0 = Debug|Any CPU
		{35E88FCD-3EEB-4088-A514-ACFB4E4B1CD9}.Release|Any CPU.ActiveCfg = Release|Any CPU
		{35E88FCD-3EEB-4088-A514-ACFB4E4B1CD9}.Release|Any CPU.Build.0 = Release|Any CPU
	EndGlobalSection
EndGlobal
